
Microsoft Visual Studio Solution File, Format Version 12.00
# Visual Studio Version 17
VisualStudioVersion = 17.12.35527.113 d17.12
MinimumVisualStudioVersion = 10.0.40219.1
Project("{FAE04EC0-301F-11D3-BF4B-00C04F79EFBC}") = "MyApiProject", "MyApiProject\MyApiProject.csproj", "{82196B1F-65A0-4C88-A8D0-7153385A5A4C}"
EndProject
Project("{FAE04EC0-301F-11D3-BF4B-00C04F79EFBC}") = "MyApiProject.DomainLayer", "MyApiProject.DomainLayer\MyApiProject.DomainLayer.csproj", "{7B5A8061-4D92-4ACD-8BE8-47B87D5EBB9A}"
EndProject
Project("{FAE04EC0-301F-11D3-BF4B-00C04F79EFBC}") = "MyApiProject.ApplicationLayer", "MyApiProject.ApplicationLayer\MyApiProject.ApplicationLayer.csproj", "{9A99428C-5EEE-4153-9842-35B4DDF05D17}"
EndProject
Project("{FAE04EC0-301F-11D3-BF4B-00C04F79EFBC}") = "MyApiProject.Database", "MyApiProject.Database\MyApiProject.Database.csproj", "{DA33FBEA-83AD-4BEE-95A6-141F6E2463EC}"
EndProject
Project("{FAE04EC0-301F-11D3-BF4B-00C04F79EFBC}") = "MyApiProject.ViewModel", "MyApiProject.ViewModel\MyApiProject.ViewModel.csproj", "{91511160-74AE-41F0-834F-27838ED2C222}"
EndProject
Global
	GlobalSection(SolutionConfigurationPlatforms) = preSolution
		Debug|Any CPU = Debug|Any CPU
		Release|Any CPU = Release|Any CPU
	EndGlobalSection
	GlobalSection(ProjectConfigurationPlatforms) = postSolution
		{82196B1F-65A0-4C88-A8D0-7153385A5A4C}.Debug|Any CPU.ActiveCfg = Debug|Any CPU
		{82196B1F-65A0-4C88-A8D0-7153385A5A4C}.Debug|Any CPU.Build.0 = Debug|Any CPU
		{82196B1F-65A0-4C88-A8D0-7153385A5A4C}.Release|Any CPU.ActiveCfg = Release|Any CPU
		{82196B1F-65A0-4C88-A8D0-7153385A5A4C}.Release|Any CPU.Build.0 = Release|Any CPU
		{7B5A8061-4D92-4ACD-8BE8-47B87D5EBB9A}.Debug|Any CPU.ActiveCfg = Debug|Any CPU
		{7B5A8061-4D92-4ACD-8BE8-47B87D5EBB9A}.Debug|Any CPU.Build.0 = Debug|Any CPU
		{7B5A8061-4D92-4ACD-8BE8-47B87D5EBB9A}.Release|Any CPU.ActiveCfg = Release|Any CPU
		{7B5A8061-4D92-4ACD-8BE8-47B87D5EBB9A}.Release|Any CPU.Build.0 = Release|Any CPU
		{9A99428C-5EEE-4153-9842-35B4DDF05D17}.Debug|Any CPU.ActiveCfg = Debug|Any CPU
		{9A99428C-5EEE-4153-9842-35B4DDF05D17}.Debug|Any CPU.Build.0 = Debug|Any CPU
		{9A99428C-5EEE-4153-9842-35B4DDF05D17}.Release|Any CPU.ActiveCfg = Release|Any CPU
		{9A99428C-5EEE-4153-9842-35B4DDF05D17}.Release|Any CPU.Build.0 = Release|Any CPU
		{DA33FBEA-83AD-4BEE-95A6-141F6E2463EC}.Debug|Any CPU.ActiveCfg = Debug|Any CPU
		{DA33FBEA-83AD-4BEE-95A6-141F6E2463EC}.Debug|Any CPU.Build.0 = Debug|Any CPU
		{DA33FBEA-83AD-4BEE-95A6-141F6E2463EC}.Release|Any CPU.ActiveCfg = Release|Any CPU
		{DA33FBEA-83AD-4BEE-95A6-141F6E2463EC}.Release|Any CPU.Build.0 = Release|Any CPU
		{91511160-74AE-41F0-834F-27838ED2C222}.Debug|Any CPU.ActiveCfg = Debug|Any CPU
		{91511160-74AE-41F0-834F-27838ED2C222}.Debug|Any CPU.Build.0 = Debug|Any CPU
		{91511160-74AE-41F0-834F-27838ED2C222}.Release|Any CPU.ActiveCfg = Release|Any CPU
		{91511160-74AE-41F0-834F-27838ED2C222}.Release|Any CPU.Build.0 = Release|Any CPU
	EndGlobalSection
	GlobalSection(SolutionProperties) = preSolution
		HideSolutionNode = FALSE
	EndGlobalSection
EndGlobal
